
Microsoft Visual Studio Solution File, Format Version 12.00
# Visual Studio Version 17
VisualStudioVersion = 17.5.002.0
MinimumVisualStudioVersion = 10.0.40219.1
Project("{9A19103F-16F7-4668-BE54-9A1E7A4F7556}") = "ProjetoHospedagem", "ProjetoHospedagem.csproj", "{1ED95C3A-9068-45A4-A93E-872E8E160C43}"
EndProject
Global
	GlobalSection(SolutionConfigurationPlatforms) = preSolution
		Debug|Any CPU = Debug|Any CPU
		Release|Any CPU = Release|Any CPU
	EndGlobalSection
	GlobalSection(ProjectConfigurationPlatforms) = postSolution
		{1ED95C3A-9068-45A4-A93E-872E8E160C43}.Debug|Any CPU.ActiveCfg = Debug|Any CPU
		{1ED95C3A-9068-45A4-A93E-872E8E160C43}.Debug|Any CPU.Build.0 = Debug|Any CPU
		{1ED95C3A-9068-45A4-A93E-872E8E160C43}.Release|Any CPU.ActiveCfg = Release|Any CPU
		{1ED95C3A-9068-45A4-A93E-872E8E160C43}.Release|Any CPU.Build.0 = Release|Any CPU
	EndGlobalSection
	GlobalSection(SolutionProperties) = preSolution
		HideSolutionNode = FALSE
	EndGlobalSection
	GlobalSection(ExtensibilityGlobals) = postSolution
		SolutionGuid = {946594E7-730C-4B89-B3B3-9C31CAA5820E}
	EndGlobalSection
EndGlobal
